
Microsoft Visual Studio Solution File, Format Version 12.00
# Visual Studio Version 17
VisualStudioVersion = 17.9.34622.214
MinimumVisualStudioVersion = 10.0.40219.1
Project("{FAE04EC0-301F-11D3-BF4B-00C04F79EFBC}") = "68857-Artem-Haliv-task6", "68857-Artem-Haliv-task6\68857-Artem-Haliv-task6.csproj", "{4427DCC6-AD4E-43D1-B773-789AB30719F8}"
EndProject
Global
	GlobalSection(SolutionConfigurationPlatforms) = preSolution
		Debug|Any CPU = Debug|Any CPU
		Release|Any CPU = Release|Any CPU
	EndGlobalSection
	GlobalSection(ProjectConfigurationPlatforms) = postSolution
		{4427DCC6-AD4E-43D1-B773-789AB30719F8}.Debug|Any CPU.ActiveCfg = Debug|Any CPU
		{4427DCC6-AD4E-43D1-B773-789AB30719F8}.Debug|Any CPU.Build.0 = Debug|Any CPU
		{4427DCC6-AD4E-43D1-B773-789AB30719F8}.Release|Any CPU.ActiveCfg = Release|Any CPU
		{4427DCC6-AD4E-43D1-B773-789AB30719F8}.Release|Any CPU.Build.0 = Release|Any CPU
	EndGlobalSection
	GlobalSection(SolutionProperties) = preSolution
		HideSolutionNode = FALSE
	EndGlobalSection
	GlobalSection(ExtensibilityGlobals) = postSolution
		SolutionGuid = {3DB6904C-45B5-4B5A-92E6-C1EAC019C458}
	EndGlobalSection
EndGlobal
